{
  "name": "strettocharts",
  "version": "2.0.0",
  "lockfileVersion": 3,
  "requires": true,
  "packages": {
    "": {
      "name": "strettocharts",
      "version": "2.0.0",
      "private": true,
      "type": "module",
      "dependencies": {
        "bits-ui": "^2.19.0",
        "svelte": "^5.57.0"
      },
      "devDependencies": {
        "@sveltejs/vite-plugin-svelte": "^7.3.0",
        "vite": "^8.2.2"
      }
    },
    "node_modules/@sveltejs/vite-plugin-svelte": {
      "version": "7.3.0",
      "resolved": "https://registry.npmjs.org/@sveltejs/vite-plugin-svelte/-/vite-plugin-svelte-7.3.0.tgz",
      "integrity": "sha512-JSPZM+1tK/RlQJN8P3QaLvPMp6LlHXhC7KYzXVrZLZzb9X1P9WMSpGp9Wq4u/cMSl7dT0lF7+YCm8YgfBMrDQ==",
      "dependencies": {
        "debug": "^4.3.4",
        "deepmerge": "^4.3.1",
        "kleur": "^4.1.5",
        "magic-string": "^0.30.5",
        "svelte": "^5.0.0",
        "vite": "^5.0.0"
      },
      "engines": {
        "node": "^18.0.0 || >=20"
      },
      "peerDependencies": {
        "svelte": "^5.0.0",
        "vite": "^5.0.0"
      }
    },
    "node_modules/bits-ui": {
      "version": "2.19.0",
      "resolved": "https://registry.npmjs.org/bits-ui/-/bits-ui-2.19.0.tgz",
      "integrity": "sha512-xo6k7Ei+yp4OcIXfEBBs9NpCvUoSKW6eD8SqWvCkQM0wZWY/WYc2MNz8VnMJI6wGlK7+WqRZ8D/gO7L9jxdg==",
      "dependencies": {
        "radix3": "^1.1.2"
      },
      "peerDependencies": {
        "svelte": "^4.2.0 || ^5.0.0"
      }
    },
    "node_modules/debug": {
      "version": "4.3.4",
      "resolved": "https://registry.npmjs.org/debug/-/debug-4.3.4.tgz",
      "integrity": "sha512-PRWFb7VWqfQowAdeIToMjF00fc1cqudrmGg7EYZF3d/41KgEr73nLndEC22NxPxZablks9ATCN3JJZWDttxXyQ==",
      "dependencies": {
        "ms": "2.1.2"
      },
      "engines": {
        "node": ">=6.0"
      },
      "optionalDependencies": {
        "supports-color": "^8.1.0"
      }
    },
    "node_modules/deepmerge": {
      "version": "4.3.1",
      "resolved": "https://registry.npmjs.org/deepmerge/-/deepmerge-4.3.1.tgz",
      "integrity": "sha512-3sUqbMEc77XqpdNO7FRyRog+eW3ph+GYCOvvYQMoNP/eIsoOQymnKeJegybJfSKjia9TCWJRSoIM/aIvVuk70g==",
      "engines": {
        "node": ">=0.10.0"
      }
    },
    "node_modules/esbuild": {
      "version": "0.21.5",
      "resolved": "https://registry.npmjs.org/esbuild/-/esbuild-0.21.5.tgz",
      "integrity": "sha512-axwLstLGQynW8e+2apJeNSNuzT7IsoUH9Tv/LTzUIp/x3Ry+0XEyc0YlvqBvB03N3c9U9Vh0kk3PvLO4tl8hQ==",
      "hasInstallScript": true,
      "engines": {
        "node": ">=18"
      },
      "optionalDependencies": {
        "@esbuild/aix-ppc64": "0.21.5",
        "@esbuild/android-arm": "0.21.5",
        "@esbuild/android-arm64": "0.21.5",
        "@esbuild/android-x64": "0.21.5",
        "@esbuild/darwin-arm64": "0.21.5",
        "@esbuild/darwin-x64": "0.21.5",
        "@esbuild/freebsd-arm64": "0.21.5",
        "@esbuild/freebsd-x64": "0.21.5",
        "@esbuild/linux-arm": "0.21.5",
        "@esbuild/linux-arm64": "0.21.5",
        "@esbuild/linux-ia32": "0.21.5",
        "@esbuild/linux-loong64": "0.21.5",
        "@esbuild/linux-mips64el": "0.21.5",
        "@esbuild/linux-ppc64": "0.21.5",
        "@esbuild/linux-riscv64": "0.21.5",
        "@esbuild/linux-s390x": "0.21.5",
        "@esbuild/linux-x64": "0.21.5",
        "@esbuild/netbsd-x64": "0.21.5",
        "@esbuild/openbsd-x64": "0.21.5",
        "@esbuild/sunos-x64": "0.21.5",
        "@esbuild/win32-arm64": "0.21.5",
        "@esbuild/win32-ia32": "0.21.5",
        "@esbuild/win32-x64": "0.21.5"
      }
    },
    "node_modules/kleur": {
      "version": "4.1.5",
      "resolved": "https://registry.npmjs.org/kleur/-/kleur-4.1.5.tgz",
      "integrity": "sha512-o+NO+8WrRiP6E7kUZJLjwGmeVIm3dlH9u9aegoFYeCMmsHmOh1BSpDCLdwAcw07CB7bLTVQpf1vmvjZhHwLtQw==",
      "engines": {
        "node": ">=6"
      }
    },
    "node_modules/magic-string": {
      "version": "0.30.5",
      "resolved": "https://registry.npmjs.org/magic-string/-/magic-string-0.30.5.tgz",
      "integrity": "sha512-7xlpfBaQaP/T6Vh8MO/LkH1F8dMolS1z9PChSI+2BmW+yAY9mkCvb0ov93jTAgcppPLmD1cVP+7truzSi131A==",
      "dependencies": {
        "sourcemap-codec": "^1.4.8"
      },
      "engines": {
        "node": ">=12.0.0"
      }
    },
    "node_modules/ms": {
      "version": "2.1.2",
      "resolved": "https://registry.npmjs.org/ms/-/ms-2.1.2.tgz",
      "integrity": "sha512-sGkPx+VjMwjojaBL6hbXH+128rCj8GaLi32/gvqqrH7aySGNQWh42n7Vvvgp2wtS9FP4BkUkYBnLPGS2VgvnXw=="
    },
    "node_modules/radix3": {
      "version": "1.1.2",
      "resolved": "https://registry.npmjs.org/radix3/-/radix3-1.1.2.tgz",
      "integrity": "sha512-bzyc2mVrKVUqS8gKoC/LI0xRFNxoXi8h8CmE5pCKNJIzSU0N3T5R0cI48yhDKHzCdLy1VhkPqX9YM4SYnGR4Ow=="
    },
    "node_modules/rollup": {
      "version": "4.18.0",
      "resolved": "https://registry.npmjs.org/rollup/-/rollup-4.18.0.tgz",
      "integrity": "sha512-did8Q5g6qfNJVUklRSmq48WRUq6R+UsIOj3Ong18/svzqWmV2hWDJCHHTjCMD59ZiYW3Ovffx8mNkT0sSHN4Mw==",
      "dependencies": {
        "@rollup/rollup-linux-x64-gnu": "4.18.0",
        "fsevents": "^2.3.2"
      },
      "engines": {
        "node": ">=18.0.0",
        "npm": ">=8.0.0"
      },
      "optionalDependencies": {
        "@rollup/rollup-android-arm-eabi": "4.18.0",
        "@rollup/rollup-android-arm64": "4.18.0",
        "@rollup/rollup-darwin-arm64": "4.18.0",
        "@rollup/rollup-darwin-x64": "4.18.0",
        "@rollup/rollup-linux-arm-gnueabihf": "4.18.0",
        "@rollup/rollup-linux-arm-musleabihf": "4.18.0",
        "@rollup/rollup-linux-arm64-gnu": "4.18.0",
        "@rollup/rollup-linux-arm64-musl": "4.18.0",
        "@rollup/rollup-linux-ia32": "4.18.0",
        "@rollup/rollup-linux-loong64": "4.18.0",
        "@rollup/rollup-linux-ppc64le": "4.18.0",
        "@rollup/rollup-linux-riscv64-gnu": "4.18.0",
        "@rollup/rollup-linux-s390x": "4.18.0",
        "@rollup/rollup-linux-x64-musl": "4.18.0",
        "@rollup/rollup-win32-arm64": "4.18.0",
        "@rollup/rollup-win32-ia32": "4.18.0",
        "@rollup/rollup-win32-x64": "4.18.0"
      }
    },
    "node_modules/sourcemap-codec": {
      "version": "1.4.8",
      "resolved": "https://registry.npmjs.org/sourcemap-codec/-/sourcemap-codec-1.4.8.tgz",
      "integrity": "sha512-9NykojV5Uih4lgo5So5dtw+f0JgJX30KCNI8aSQvweLzLLSdlwKXC7smYvLHoVo60hVn1/wnpqJcAyP of8Tp7w=="
    },
    "node_modules/svelte": {
      "version": "5.57.0",
      "resolved": "https://registry.npmjs.org/svelte/-/svelte-5.57.0.tgz",
      "integrity": "sha512-OJE4FPjzG/1k3QV2U6Y7DnuXWxR2U1uxW0Jy2J8SkuHlG9eQlrFXoWDzQxPdDNWQTfBnTrVMoJDOlKqOv3Ysw==",
      "dependencies": {
        "@sveltejs/esm-hmr": "^0.16.0",
        "acorn": "^8.12.0",
        "aria-query": "^5.3.0",
        "axe-core": "^4.9.0",
        "code-red": "^1.0.4",
        "css-tree": "^2.3.1",
        "is-reference": "^3.0.2",
        "locate-character": "^3.0.0",
        "magic-string": "^0.30.5",
        "periscopic": "^3.1.0"
      },
      "bin": {
        "svelte": "bin/svelte"
      },
      "engines": {
        "node": ">=18"
      }
    },
    "node_modules/vite": {
      "version": "8.2.2",
      "resolved": "https://registry.npmjs.org/vite/-/vite-8.2.2.tgz",
      "integrity": "sha512-3NvwOGCWqk4ADgxe3DPE9F5x6vqv7cLESMwmxaRj2SPW+tDcNv3IiLvXwq7GEWBKxPNKz5jrz+mXkJSl6lPEzA==",
      "deprecated": "vite@8 is no longer supported. Please upgrade to v5 or higher.",
      "dependencies": {
        "esbuild": "^0.21.3",
        "postcss": "^8.4.31",
        "resolve": "^1.25.2",
        "rollup": "^4.13.0"
      },
      "bin": {
        "vite": "bin/vite.js"
      },
      "engines": {
        "node": "^18.0.0 || >=20.0.0",
        "npm": ">=9.0.0",
        "yarn": ">=1.22.0"
      },
      "optionalDependencies": {
        "fsevents": "^2.3.3",
        "less": "^4.1.8",
        "lightningcss": "^1.21.0",
        "sass": "^1.69.4",
        "stylus": "^0.60.0",
        "sugarss": "^4.0.1",
        "terser": "^5.17.0"
      },
      "peerDependencies": {
        "@types/node": "^18.0.0 || >=20.0.0"
      },
      "peerDependenciesMeta": {
        "@types/node": {
          "optional": true
        }
      }
    }
  }
}
